<?xml version="1.0" encoding="utf-8"?>
<Project ToolsVersion="4.0" xmlns="http://schemas.microsoft.com/developer/msbuild/2003">
  <ItemGroup>
    <Filter Include="include">
      <UniqueIdentifier>{c484a260-f73b-430c-a767-72ff72d48fa3}</UniqueIdentifier>
    </Filter>
  </ItemGroup>
  <ItemGroup>
    <ClInclude Include="..\Aggregation.h">
      <Filter>include</Filter>
    </ClInclude>
    <ClInclude Include="..\Allocator.h">
      <Filter>include</Filter>
    </ClInclude>
    <ClInclude Include="..\Buffer.h">
      <Filter>include</Filter>
    </ClInclude>
    <ClInclude Include="..\fn.h">
      <Filter>include</Filter>
    </ClInclude>
    <ClInclude Include="..\functor.h">
      <Filter>include</Filter>
    </ClInclude>
    <ClInclude Include="..\gl++.h">
      <Filter>include</Filter>
    </ClInclude>
    <ClInclude Include="..\glext.h">
      <Filter>include</Filter>
    </ClInclude>
    <ClInclude Include="..\is_resizeable.h">
      <Filter>include</Filter>
    </ClInclude>
    <ClInclude Include="..\is_vector.h">
      <Filter>include</Filter>
    </ClInclude>
    <ClInclude Include="..\jconfig.h">
      <Filter>include</Filter>
    </ClInclude>
    <ClInclude Include="..\jerror.h">
      <Filter>include</Filter>
    </ClInclude>
    <ClInclude Include="..\jmorecfg.h">
      <Filter>include</Filter>
    </ClInclude>
    <ClInclude Include="..\jpeglib.h">
      <Filter>include</Filter>
    </ClInclude>
    <ClInclude Include="..\listing.h">
      <Filter>include</Filter>
    </ClInclude>
    <ClInclude Include="..\meta.h">
      <Filter>include</Filter>
    </ClInclude>
    <ClInclude Include="..\mp.h">
      <Filter>include</Filter>
    </ClInclude>
    <ClInclude Include="..\MultiTask.h">
      <Filter>include</Filter>
    </ClInclude>
    <ClInclude Include="..\mutex.h">
      <Filter>include</Filter>
    </ClInclude>
    <ClInclude Include="..\path.h">
      <Filter>include</Filter>
    </ClInclude>
    <ClInclude Include="..\pointer.h">
      <Filter>include</Filter>
    </ClInclude>
    <ClInclude Include="..\Range.h">
      <Filter>include</Filter>
    </ClInclude>
    <ClInclude Include="..\stack.h">
      <Filter>include</Filter>
    </ClInclude>
    <ClInclude Include="..\TokenIterator.h">
      <Filter>include</Filter>
    </ClInclude>
    <ClInclude Include="..\trace.h">
      <Filter>include</Filter>
    </ClInclude>
    <ClInclude Include="..\trace2.h">
      <Filter>include</Filter>
    </ClInclude>
    <ClInclude Include="..\turbojpeg.h">
      <Filter>include</Filter>
    </ClInclude>
    <ClInclude Include="..\util.h">
      <Filter>include</Filter>
    </ClInclude>
    <ClInclude Include="..\ValueReader.h">
      <Filter>include</Filter>
    </ClInclude>
    <ClInclude Include="..\vlist.h">
      <Filter>include</Filter>
    </ClInclude>
    <ClInclude Include="..\Wrapper.h">
      <Filter>include</Filter>
    </ClInclude>
    <ClInclude Include="wrapper_test.h" />
    <ClInclude Include="test_feature.h" />
    <ClInclude Include="test_rvalue.h" />
    <ClInclude Include="test_SparseVector.h" />
  </ItemGroup>
  <ItemGroup>
    <None Include="..\meta.h.bak">
      <Filter>include</Filter>
    </None>
  </ItemGroup>
  <ItemGroup>
    <ClCompile Include="utilities_test.cpp" />
  </ItemGroup>
</Project>